
Microsoft Visual Studio Solution File, Format Version 11.00
# Visual Studio 2010
Project("{FAE04EC0-301F-11D3-BF4B-00C04F79EFBC}") = "SilverlightMediaElement", "SilverlightMediaElement.csproj", "{CE832DD6-B659-4F3E-B49B-F297E2AC923A}"
EndProject
Global
	GlobalSection(SolutionConfigurationPlatforms) = preSolution
		Debug|Any CPU = Debug|Any CPU
		Release|Any CPU = Release|Any CPU
	EndGlobalSection
	GlobalSection(ProjectConfigurationPlatforms) = postSolution
		{CE832DD6-B659-4F3E-B49B-F297E2AC923A}.Debug|Any CPU.ActiveCfg = Debug|Any CPU
		{CE832DD6-B659-4F3E-B49B-F297E2AC923A}.Debug|Any CPU.Build.0 = Debug|Any CPU
		{CE832DD6-B659-4F3E-B49B-F297E2AC923A}.Release|Any CPU.ActiveCfg = Release|Any CPU
		{CE832DD6-B659-4F3E-B49B-F297E2AC923A}.Release|Any CPU.Build.0 = Release|Any CPU
	EndGlobalSection
	GlobalSection(SolutionProperties) = preSolution
		HideSolutionNode = FALSE
	EndGlobalSection
EndGlobal
